
Microsoft Visual Studio Solution File, Format Version 12.00
Project("{FAE04EC0-301F-11D3-BF4B-00C04F79EFBC}") = "AutoFarmApi", "AutoFarmApi.csproj", "{949D912F-9B1C-47C4-84D7-4A576F99A447}"
EndProject
Global
	GlobalSection(SolutionConfigurationPlatforms) = preSolution
		Debug|Any CPU = Debug|Any CPU
		Release|Any CPU = Release|Any CPU
	EndGlobalSection
	GlobalSection(ProjectConfigurationPlatforms) = postSolution
		{949D912F-9B1C-47C4-84D7-4A576F99A447}.Debug|Any CPU.ActiveCfg = Debug|Any CPU
		{949D912F-9B1C-47C4-84D7-4A576F99A447}.Debug|Any CPU.Build.0 = Debug|Any CPU
		{949D912F-9B1C-47C4-84D7-4A576F99A447}.Release|Any CPU.ActiveCfg = Release|Any CPU
		{949D912F-9B1C-47C4-84D7-4A576F99A447}.Release|Any CPU.Build.0 = Release|Any CPU
	EndGlobalSection
EndGlobal
